// !$*UTF8*$!
{
	archiveVersion = 1;
	classes = {
	};
	objectVersion = 48;
	objects = {

/* Begin PBXBuildFile section */
		DB01C6101F42431E0047D1D5 /* Event.swift in Sources */ = {isa = PBXBuildFile; fileRef = DB01C60F1F42431E0047D1D5 /* Event.swift */; };
		DB01C6121F4243280047D1D5 /* EventQueue.swift in Sources */ = {isa = PBXBuildFile; fileRef = DB01C6111F4243280047D1D5 /* EventQueue.swift */; };
		DB01C6141F42432E0047D1D5 /* Context.swift in Sources */ = {isa = PBXBuildFile; fileRef = DB01C6131F42432E0047D1D5 /* Context.swift */; };
		DB2412A01F3CB32B0064F353 /* Rover.framework in Frameworks */ = {isa = PBXBuildFile; fileRef = DB2412961F3CB32B0064F353 /* Rover.framework */; };
		DB2412A51F3CB32B0064F353 /* RoverTests.swift in Sources */ = {isa = PBXBuildFile; fileRef = DB2412A41F3CB32B0064F353 /* RoverTests.swift */; };
		DB2412A71F3CB32B0064F353 /* Rover.h in Headers */ = {isa = PBXBuildFile; fileRef = DB2412991F3CB32B0064F353 /* Rover.h */; settings = {ATTRIBUTES = (Public, ); }; };
		DB2D531A1F4634BE003CB5F4 /* LogLevel.swift in Sources */ = {isa = PBXBuildFile; fileRef = DB2D53191F4634BE003CB5F4 /* LogLevel.swift */; };
		DB2D531C1F464366003CB5F4 /* OperationDelegate.swift in Sources */ = {isa = PBXBuildFile; fileRef = DB2D531B1F464366003CB5F4 /* OperationDelegate.swift */; };
		DB3AF73C1F4C793E00565D28 /* NSNotification.Name.swift in Sources */ = {isa = PBXBuildFile; fileRef = DB3AF73B1F4C793E00565D28 /* NSNotification.Name.swift */; };
		DB4834711F44F16400CC308A /* AddNotificationSettingsToContextOperation.swift in Sources */ = {isa = PBXBuildFile; fileRef = DB4834701F44F16400CC308A /* AddNotificationSettingsToContextOperation.swift */; };
		DB4834741F44F1CC00CC308A /* UNUserNotificationCenter.swift in Sources */ = {isa = PBXBuildFile; fileRef = DB4834731F44F1CC00CC308A /* UNUserNotificationCenter.swift */; };
		DB4834761F45D2AD00CC308A /* AddLocationSettingsToContextOperation.swift in Sources */ = {isa = PBXBuildFile; fileRef = DB4834751F45D2AD00CC308A /* AddLocationSettingsToContextOperation.swift */; };
		DB4834791F45D32B00CC308A /* CLLocationManager.swift in Sources */ = {isa = PBXBuildFile; fileRef = DB4834781F45D32B00CC308A /* CLLocationManager.swift */; };
		DB48347C1F46016000CC308A /* Experience.swift in Sources */ = {isa = PBXBuildFile; fileRef = DB48347B1F46016000CC308A /* Experience.swift */; };
		DB48347F1F46019700CC308A /* FetchExperienceOperation.swift in Sources */ = {isa = PBXBuildFile; fileRef = DB48347E1F46019700CC308A /* FetchExperienceOperation.swift */; };
		DB4834881F46029200CC308A /* CGFloat.swift in Sources */ = {isa = PBXBuildFile; fileRef = DB4834871F46029200CC308A /* CGFloat.swift */; };
		DB48348A1F4602B100CC308A /* Color.swift in Sources */ = {isa = PBXBuildFile; fileRef = DB4834891F4602B100CC308A /* Color.swift */; };
		DB48348C1F4602CA00CC308A /* Length.swift in Sources */ = {isa = PBXBuildFile; fileRef = DB48348B1F4602CA00CC308A /* Length.swift */; };
		DB48348E1F4602EF00CC308A /* UICollectionReusableView.swift in Sources */ = {isa = PBXBuildFile; fileRef = DB48348D1F4602EF00CC308A /* UICollectionReusableView.swift */; };
		DB4834901F46030500CC308A /* UIColor.swift in Sources */ = {isa = PBXBuildFile; fileRef = DB48348F1F46030500CC308A /* UIColor.swift */; };
		DB4834921F46031800CC308A /* UIStatusBarStyle.swift in Sources */ = {isa = PBXBuildFile; fileRef = DB4834911F46031800CC308A /* UIStatusBarStyle.swift */; };
		DB4834941F46034100CC308A /* ImageConfiguration.swift in Sources */ = {isa = PBXBuildFile; fileRef = DB4834931F46034100CC308A /* ImageConfiguration.swift */; };
		DB4834961F46038D00CC308A /* ImageDownloader.swift in Sources */ = {isa = PBXBuildFile; fileRef = DB4834951F46038D00CC308A /* ImageDownloader.swift */; };
		DB4834981F4603BC00CC308A /* ImageDownloadResult.swift in Sources */ = {isa = PBXBuildFile; fileRef = DB4834971F4603BC00CC308A /* ImageDownloadResult.swift */; };
		DB48349A1F4604F700CC308A /* ScreenViewControllerDelegate.swift in Sources */ = {isa = PBXBuildFile; fileRef = DB4834991F4604F700CC308A /* ScreenViewControllerDelegate.swift */; };
		DB48349C1F46058700CC308A /* ScreenViewController.swift in Sources */ = {isa = PBXBuildFile; fileRef = DB48349B1F46058700CC308A /* ScreenViewController.swift */; };
		DB48349E1F4605D100CC308A /* ExperienceViewController.swift in Sources */ = {isa = PBXBuildFile; fileRef = DB48349D1F4605D100CC308A /* ExperienceViewController.swift */; };
		DB4834A01F46062B00CC308A /* ScreenViewLayout.swift in Sources */ = {isa = PBXBuildFile; fileRef = DB48349F1F46062B00CC308A /* ScreenViewLayout.swift */; };
		DB4834A21F4606EB00CC308A /* ScreenViewLayoutAttributes.swift in Sources */ = {isa = PBXBuildFile; fileRef = DB4834A11F4606EB00CC308A /* ScreenViewLayoutAttributes.swift */; };
		DB4834C71F46233D00CC308A /* BackgroundViewModel.swift in Sources */ = {isa = PBXBuildFile; fileRef = DB4834A31F4607EA00CC308A /* BackgroundViewModel.swift */; };
		DB4834C81F46233D00CC308A /* BarcodeBlockViewModel.swift in Sources */ = {isa = PBXBuildFile; fileRef = DB4834A51F46082200CC308A /* BarcodeBlockViewModel.swift */; };
		DB4834C91F46233D00CC308A /* BlockViewModel.swift in Sources */ = {isa = PBXBuildFile; fileRef = DB4834A71F46085C00CC308A /* BlockViewModel.swift */; };
		DB4834CA1F46233D00CC308A /* BorderViewModel.swift in Sources */ = {isa = PBXBuildFile; fileRef = DB4834A91F46089200CC308A /* BorderViewModel.swift */; };
		DB4834CB1F46233D00CC308A /* ButtonBlockViewModel.swift in Sources */ = {isa = PBXBuildFile; fileRef = DB4834BC1F460ADB00CC308A /* ButtonBlockViewModel.swift */; };
		DB4834CC1F46233D00CC308A /* ExperienceViewModel.swift in Sources */ = {isa = PBXBuildFile; fileRef = DB4834BD1F460ADC00CC308A /* ExperienceViewModel.swift */; };
		DB4834CD1F46233D00CC308A /* ImageBlockViewModel.swift in Sources */ = {isa = PBXBuildFile; fileRef = DB4834B51F460ADB00CC308A /* ImageBlockViewModel.swift */; };
		DB4834CE1F46233D00CC308A /* RectangleBlockViewModel.swift in Sources */ = {isa = PBXBuildFile; fileRef = DB4834B81F460ADB00CC308A /* RectangleBlockViewModel.swift */; };
		DB4834CF1F46233D00CC308A /* RowViewModel.swift in Sources */ = {isa = PBXBuildFile; fileRef = DB4834B71F460ADB00CC308A /* RowViewModel.swift */; };
		DB4834D01F46233D00CC308A /* ScreenViewModel.swift in Sources */ = {isa = PBXBuildFile; fileRef = DB4834B91F460ADB00CC308A /* ScreenViewModel.swift */; };
		DB4834D11F46233D00CC308A /* TextBlockViewModel.swift in Sources */ = {isa = PBXBuildFile; fileRef = DB4834BB1F460ADB00CC308A /* TextBlockViewModel.swift */; };
		DB4834D21F46233D00CC308A /* TextViewModel.swift in Sources */ = {isa = PBXBuildFile; fileRef = DB4834BA1F460ADB00CC308A /* TextViewModel.swift */; };
		DB4834D31F46233D00CC308A /* WebViewBlockViewModel.swift in Sources */ = {isa = PBXBuildFile; fileRef = DB4834B61F460ADB00CC308A /* WebViewBlockViewModel.swift */; };
		DB4834D41F46234300CC308A /* BackgroundView.swift in Sources */ = {isa = PBXBuildFile; fileRef = DB4834B21F460A1F00CC308A /* BackgroundView.swift */; };
		DB4834D51F46234300CC308A /* BarcodeBlockView.swift in Sources */ = {isa = PBXBuildFile; fileRef = DB4834AB1F460A1E00CC308A /* BarcodeBlockView.swift */; };
		DB4834D61F46234300CC308A /* BlockView.swift in Sources */ = {isa = PBXBuildFile; fileRef = DB4834B31F460A1F00CC308A /* BlockView.swift */; };
		DB4834D71F46234300CC308A /* BlockViewDelegate.swift in Sources */ = {isa = PBXBuildFile; fileRef = DB4834AD1F460A1F00CC308A /* BlockViewDelegate.swift */; };
		DB4834D81F46234300CC308A /* ButtonBlockView.swift in Sources */ = {isa = PBXBuildFile; fileRef = DB4834AF1F460A1F00CC308A /* ButtonBlockView.swift */; };
		DB4834D91F46234300CC308A /* ImageBlockView.swift in Sources */ = {isa = PBXBuildFile; fileRef = DB4834AC1F460A1F00CC308A /* ImageBlockView.swift */; };
		DB4834DA1F46234300CC308A /* RectangleBlockView.swift in Sources */ = {isa = PBXBuildFile; fileRef = DB4834B41F460A2100CC308A /* RectangleBlockView.swift */; };
		DB4834DB1F46234300CC308A /* RowView.swift in Sources */ = {isa = PBXBuildFile; fileRef = DB4834B01F460A1F00CC308A /* RowView.swift */; };
		DB4834DC1F46234300CC308A /* TextBlockView.swift in Sources */ = {isa = PBXBuildFile; fileRef = DB4834B11F460A1F00CC308A /* TextBlockView.swift */; };
		DB4834DD1F46234300CC308A /* WebViewBlockView.swift in Sources */ = {isa = PBXBuildFile; fileRef = DB4834AE1F460A1F00CC308A /* WebViewBlockView.swift */; };
		DB83FFD91F4B93F2006ACB23 /* TrackEnterRegionOperation.swift in Sources */ = {isa = PBXBuildFile; fileRef = DB83FFD81F4B93F2006ACB23 /* TrackEnterRegionOperation.swift */; };
		DB83FFDB1F4B947E006ACB23 /* TrackExitRegionOperation.swift in Sources */ = {isa = PBXBuildFile; fileRef = DB83FFDA1F4B947E006ACB23 /* TrackExitRegionOperation.swift */; };
		DB83FFDD1F4B94DF006ACB23 /* TrackUpdateLocationsOperation.swift in Sources */ = {isa = PBXBuildFile; fileRef = DB83FFDC1F4B94DF006ACB23 /* TrackUpdateLocationsOperation.swift */; };
		DB83FFDF1F4B95AB006ACB23 /* TrackVisitOperation.swift in Sources */ = {isa = PBXBuildFile; fileRef = DB83FFDE1F4B95AB006ACB23 /* TrackVisitOperation.swift */; };
		DBA6928B1F46275900178B12 /* ExperienceCache.swift in Sources */ = {isa = PBXBuildFile; fileRef = DBA6928A1F46275900178B12 /* ExperienceCache.swift */; };
		DBA6928D1F462AD400178B12 /* FindExperienceOperation.swift in Sources */ = {isa = PBXBuildFile; fileRef = DBA6928C1F462AD400178B12 /* FindExperienceOperation.swift */; };
		DBBC7DB21F3CBDC100E0E2EE /* Rover.swift in Sources */ = {isa = PBXBuildFile; fileRef = DBBC7DB11F3CBDC100E0E2EE /* Rover.swift */; };
		DBDE83791F42353D00FABDA6 /* AddAccountTokenToCredentialsOperation.swift in Sources */ = {isa = PBXBuildFile; fileRef = DBDE83781F42353D00FABDA6 /* AddAccountTokenToCredentialsOperation.swift */; };
		DBDE837B1F42359300FABDA6 /* AddDeviceIdentifierToCredentialsOperation.swift in Sources */ = {isa = PBXBuildFile; fileRef = DBDE837A1F42359300FABDA6 /* AddDeviceIdentifierToCredentialsOperation.swift */; };
		DBDE837D1F4235DD00FABDA6 /* AddProfileIdentifierToCredentialsOperation.swift in Sources */ = {isa = PBXBuildFile; fileRef = DBDE837C1F4235DD00FABDA6 /* AddProfileIdentifierToCredentialsOperation.swift */; };
		DBDE837F1F42368100FABDA6 /* RemoveProfileIdentifierFromCredentialsOperation.swift in Sources */ = {isa = PBXBuildFile; fileRef = DBDE837E1F42368100FABDA6 /* RemoveProfileIdentifierFromCredentialsOperation.swift */; };
		DBDE83821F4238B700FABDA6 /* AnonymizeOperation.swift in Sources */ = {isa = PBXBuildFile; fileRef = DBDE83811F4238B700FABDA6 /* AnonymizeOperation.swift */; };
		DBDE83841F4239B100FABDA6 /* IdentifyOperation.swift in Sources */ = {isa = PBXBuildFile; fileRef = DBDE83831F4239B100FABDA6 /* IdentifyOperation.swift */; };
		DBDE83861F4239ED00FABDA6 /* RestoreProfileIdentifierFromUserDefaultsOperation.swift in Sources */ = {isa = PBXBuildFile; fileRef = DBDE83851F4239ED00FABDA6 /* RestoreProfileIdentifierFromUserDefaultsOperation.swift */; };
		DBDE83891F423A5600FABDA6 /* Profile.swift in Sources */ = {isa = PBXBuildFile; fileRef = DBDE83881F423A5600FABDA6 /* Profile.swift */; };
		DBDE838B1F423A8300FABDA6 /* UpdateProfileOperation.swift in Sources */ = {isa = PBXBuildFile; fileRef = DBDE838A1F423A8300FABDA6 /* UpdateProfileOperation.swift */; };
		DBDFE3101F424E92005E7850 /* SyncOperation.swift in Sources */ = {isa = PBXBuildFile; fileRef = DBDFE30F1F424E92005E7850 /* SyncOperation.swift */; };
		DBDFE3141F44A7E4005E7850 /* AddPushEnvironmentToContextOperation.swift in Sources */ = {isa = PBXBuildFile; fileRef = DBDFE3131F44A7E4005E7850 /* AddPushEnvironmentToContextOperation.swift */; };
		DBDFE3161F44ADA2005E7850 /* AddPushTokenOperation.swift in Sources */ = {isa = PBXBuildFile; fileRef = DBDFE3151F44ADA2005E7850 /* AddPushTokenOperation.swift */; };
		DBDFE3181F44AE36005E7850 /* TrackPushTokenChangeOperation.swift in Sources */ = {isa = PBXBuildFile; fileRef = DBDFE3171F44AE36005E7850 /* TrackPushTokenChangeOperation.swift */; };
		DBDFE31A1F44AEAF005E7850 /* RemovePushTokenOperation.swift in Sources */ = {isa = PBXBuildFile; fileRef = DBDFE3191F44AEAF005E7850 /* RemovePushTokenOperation.swift */; };
		DBE1FBE81F3E4A9A004B3C9D /* NotificationCenter.swift in Sources */ = {isa = PBXBuildFile; fileRef = DBE1FBE71F3E4A9A004B3C9D /* NotificationCenter.swift */; };
		DBE1FBEC1F3E4AC6004B3C9D /* UIApplication.swift in Sources */ = {isa = PBXBuildFile; fileRef = DBE1FBEB1F3E4AC6004B3C9D /* UIApplication.swift */; };
		DBE1FBEF1F3E4C9C004B3C9D /* Logger.swift in Sources */ = {isa = PBXBuildFile; fileRef = DBE1FBEE1F3E4C9C004B3C9D /* Logger.swift */; };
		DBE1FBF11F3E4DAD004B3C9D /* Operation.swift in Sources */ = {isa = PBXBuildFile; fileRef = DBE1FBF01F3E4DAD004B3C9D /* Operation.swift */; };
		DBE1FBF31F3E4DFE004B3C9D /* ApplicationState.swift in Sources */ = {isa = PBXBuildFile; fileRef = DBE1FBF21F3E4DFE004B3C9D /* ApplicationState.swift */; };
		DBE1FBFF1F41FD2E004B3C9D /* Attributes.swift in Sources */ = {isa = PBXBuildFile; fileRef = DBE1FBFE1F41FD2E004B3C9D /* Attributes.swift */; };
		DBE1FC011F420E37004B3C9D /* UIDevice.swift in Sources */ = {isa = PBXBuildFile; fileRef = DBE1FC001F420E37004B3C9D /* UIDevice.swift */; };
		DBE1FC031F420E50004B3C9D /* UIScreen.swift in Sources */ = {isa = PBXBuildFile; fileRef = DBE1FC021F420E50004B3C9D /* UIScreen.swift */; };
		DBE1FC051F420E89004B3C9D /* Bundle.swift in Sources */ = {isa = PBXBuildFile; fileRef = DBE1FC041F420E89004B3C9D /* Bundle.swift */; };
		DBE1FC071F420EA3004B3C9D /* Locale.swift in Sources */ = {isa = PBXBuildFile; fileRef = DBE1FC061F420EA3004B3C9D /* Locale.swift */; };
		DBE1FC091F420EB5004B3C9D /* NSTimeZone.swift in Sources */ = {isa = PBXBuildFile; fileRef = DBE1FC081F420EB5004B3C9D /* NSTimeZone.swift */; };
		DBE1FC0B1F420EC5004B3C9D /* UserDefaults.swift in Sources */ = {isa = PBXBuildFile; fileRef = DBE1FC0A1F420EC5004B3C9D /* UserDefaults.swift */; };
		DBE1FC0E1F420F58004B3C9D /* CTCarrier.swift in Sources */ = {isa = PBXBuildFile; fileRef = DBE1FC0D1F420F58004B3C9D /* CTCarrier.swift */; };
		DBE1FC101F420F6B004B3C9D /* CTTelephonyNetworkInfo.swift in Sources */ = {isa = PBXBuildFile; fileRef = DBE1FC0F1F420F6B004B3C9D /* CTTelephonyNetworkInfo.swift */; };
		DBE1FC141F420FEE004B3C9D /* HTTPError.swift in Sources */ = {isa = PBXBuildFile; fileRef = DBE1FC131F420FEE004B3C9D /* HTTPError.swift */; };
		DBE1FC161F420FFF004B3C9D /* HTTPResult.swift in Sources */ = {isa = PBXBuildFile; fileRef = DBE1FC151F420FFF004B3C9D /* HTTPResult.swift */; };
		DBE1FC181F421016004B3C9D /* HTTPSession.swift in Sources */ = {isa = PBXBuildFile; fileRef = DBE1FC171F421016004B3C9D /* HTTPSession.swift */; };
		DBE1FC1A1F421026004B3C9D /* HTTPTask.swift in Sources */ = {isa = PBXBuildFile; fileRef = DBE1FC191F421026004B3C9D /* HTTPTask.swift */; };
		DBE1FC1C1F421065004B3C9D /* HTTPClient.swift in Sources */ = {isa = PBXBuildFile; fileRef = DBE1FC1B1F421065004B3C9D /* HTTPClient.swift */; };
		DBE1FC1F1F421095004B3C9D /* Data+Gzip.swift in Sources */ = {isa = PBXBuildFile; fileRef = DBE1FC1E1F421095004B3C9D /* Data+Gzip.swift */; };
		DBE1FC211F4210A7004B3C9D /* Reachability.swift in Sources */ = {isa = PBXBuildFile; fileRef = DBE1FC201F4210A7004B3C9D /* Reachability.swift */; };
		DBE1FC251F421131004B3C9D /* GraphQLClient.swift in Sources */ = {isa = PBXBuildFile; fileRef = DBE1FC241F421131004B3C9D /* GraphQLClient.swift */; };
		DBE1FC271F421144004B3C9D /* GraphQLQuery.swift in Sources */ = {isa = PBXBuildFile; fileRef = DBE1FC261F421144004B3C9D /* GraphQLQuery.swift */; };
		DBE1FC291F421178004B3C9D /* QueryOperation.swift in Sources */ = {isa = PBXBuildFile; fileRef = DBE1FC281F421178004B3C9D /* QueryOperation.swift */; };
		DBE1FC2C1F4211E6004B3C9D /* Credentials.swift in Sources */ = {isa = PBXBuildFile; fileRef = DBE1FC2B1F4211E6004B3C9D /* Credentials.swift */; };
		DBE1FC2E1F421217004B3C9D /* ID.swift in Sources */ = {isa = PBXBuildFile; fileRef = DBE1FC2D1F421217004B3C9D /* ID.swift */; };
		DBE1FC301F4212ED004B3C9D /* DataClient.swift in Sources */ = {isa = PBXBuildFile; fileRef = DBE1FC2F1F4212ED004B3C9D /* DataClient.swift */; };
		DBE1FC331F421346004B3C9D /* ConfigureDataClientOperation.swift in Sources */ = {isa = PBXBuildFile; fileRef = DBE1FC321F421346004B3C9D /* ConfigureDataClientOperation.swift */; };
		DBF8B7991F4244A400359EC2 /* AddApplicationInfoToContextOperation.swift in Sources */ = {isa = PBXBuildFile; fileRef = DBF8B7981F4244A400359EC2 /* AddApplicationInfoToContextOperation.swift */; };
		DBF8B79B1F4244EB00359EC2 /* AddDeviceInfoToContextOperation.swift in Sources */ = {isa = PBXBuildFile; fileRef = DBF8B79A1F4244EB00359EC2 /* AddDeviceInfoToContextOperation.swift */; };
		DBF8B79D1F42453500359EC2 /* AddSDKVersionToContextOperation.swift in Sources */ = {isa = PBXBuildFile; fileRef = DBF8B79C1F42453500359EC2 /* AddSDKVersionToContextOperation.swift */; };
		DBF8B79F1F42466200359EC2 /* AddLocaleToContextOperation.swift in Sources */ = {isa = PBXBuildFile; fileRef = DBF8B79E1F42466200359EC2 /* AddLocaleToContextOperation.swift */; };
		DBF8B7A11F42469300359EC2 /* AddScreenSizeToContextOperation.swift in Sources */ = {isa = PBXBuildFile; fileRef = DBF8B7A01F42469300359EC2 /* AddScreenSizeToContextOperation.swift */; };
		DBF8B7A31F4246C900359EC2 /* AddTelephonyInfoToContextOperation.swift in Sources */ = {isa = PBXBuildFile; fileRef = DBF8B7A21F4246C900359EC2 /* AddTelephonyInfoToContextOperation.swift */; };
		DBF8B7A51F42470100359EC2 /* AddTimeZoneToContextOperation.swift in Sources */ = {isa = PBXBuildFile; fileRef = DBF8B7A41F42470100359EC2 /* AddTimeZoneToContextOperation.swift */; };
		DBF8B7A71F42473100359EC2 /* AddReachabilityInfoToContextOperation.swift in Sources */ = {isa = PBXBuildFile; fileRef = DBF8B7A61F42473100359EC2 /* AddReachabilityInfoToContextOperation.swift */; };
		DBF8B7A91F42476100359EC2 /* CaptureContextOperation.swift in Sources */ = {isa = PBXBuildFile; fileRef = DBF8B7A81F42476100359EC2 /* CaptureContextOperation.swift */; };
		DBF8B7AB1F4247DB00359EC2 /* UpdateContextOperation.swift in Sources */ = {isa = PBXBuildFile; fileRef = DBF8B7AA1F4247DB00359EC2 /* UpdateContextOperation.swift */; };
		DBF8B7AE1F4248C000359EC2 /* AddEventOperation.swift in Sources */ = {isa = PBXBuildFile; fileRef = DBF8B7AD1F4248C000359EC2 /* AddEventOperation.swift */; };
		DBF8B7B01F42492900359EC2 /* ConfigureEventQueueOperation.swift in Sources */ = {isa = PBXBuildFile; fileRef = DBF8B7AF1F42492900359EC2 /* ConfigureEventQueueOperation.swift */; };
		DBF8B7B21F42495800359EC2 /* FlushEventsOperation.swift in Sources */ = {isa = PBXBuildFile; fileRef = DBF8B7B11F42495800359EC2 /* FlushEventsOperation.swift */; };
		DBF8B7B41F42498800359EC2 /* SendEventsOperation.swift in Sources */ = {isa = PBXBuildFile; fileRef = DBF8B7B31F42498800359EC2 /* SendEventsOperation.swift */; };
		DBF8B7B61F4249AA00359EC2 /* PersistEventsOperation.swift in Sources */ = {isa = PBXBuildFile; fileRef = DBF8B7B51F4249AA00359EC2 /* PersistEventsOperation.swift */; };
		DBF8B7B81F424A8300359EC2 /* TrackEventOperation.swift in Sources */ = {isa = PBXBuildFile; fileRef = DBF8B7B71F424A8300359EC2 /* TrackEventOperation.swift */; };
		DBF8B7BB1F424AD500359EC2 /* TrackAppUpdateOperation.swift in Sources */ = {isa = PBXBuildFile; fileRef = DBF8B7BA1F424AD500359EC2 /* TrackAppUpdateOperation.swift */; };
/* End PBXBuildFile section */

/* Begin PBXContainerItemProxy section */
		DB2412A11F3CB32B0064F353 /* PBXContainerItemProxy */ = {
			isa = PBXContainerItemProxy;
			containerPortal = DB24128D1F3CB32B0064F353 /* Project object */;
			proxyType = 1;
			remoteGlobalIDString = DB2412951F3CB32B0064F353;
			remoteInfo = Rover;
		};
/* End PBXContainerItemProxy section */

/* Begin PBXFileReference section */
		DB01C60F1F42431E0047D1D5 /* Event.swift */ = {isa = PBXFileReference; lastKnownFileType = sourcecode.swift; path = Event.swift; sourceTree = "<group>"; };
		DB01C6111F4243280047D1D5 /* EventQueue.swift */ = {isa = PBXFileReference; lastKnownFileType = sourcecode.swift; path = EventQueue.swift; sourceTree = "<group>"; };
		DB01C6131F42432E0047D1D5 /* Context.swift */ = {isa = PBXFileReference; lastKnownFileType = sourcecode.swift; path = Context.swift; sourceTree = "<group>"; };
		DB2412961F3CB32B0064F353 /* Rover.framework */ = {isa = PBXFileReference; explicitFileType = wrapper.framework; includeInIndex = 0; path = Rover.framework; sourceTree = BUILT_PRODUCTS_DIR; };
		DB2412991F3CB32B0064F353 /* Rover.h */ = {isa = PBXFileReference; lastKnownFileType = sourcecode.c.h; path = Rover.h; sourceTree = "<group>"; };
		DB24129A1F3CB32B0064F353 /* Info.plist */ = {isa = PBXFileReference; lastKnownFileType = text.plist.xml; path = Info.plist; sourceTree = "<group>"; };
		DB24129F1F3CB32B0064F353 /* RoverTests.xctest */ = {isa = PBXFileReference; explicitFileType = wrapper.cfbundle; includeInIndex = 0; path = RoverTests.xctest; sourceTree = BUILT_PRODUCTS_DIR; };
		DB2412A41F3CB32B0064F353 /* RoverTests.swift */ = {isa = PBXFileReference; lastKnownFileType = sourcecode.swift; path = RoverTests.swift; sourceTree = "<group>"; };
		DB2412A61F3CB32B0064F353 /* Info.plist */ = {isa = PBXFileReference; lastKnownFileType = text.plist.xml; path = Info.plist; sourceTree = "<group>"; };
		DB2D53191F4634BE003CB5F4 /* LogLevel.swift */ = {isa = PBXFileReference; lastKnownFileType = sourcecode.swift; path = LogLevel.swift; sourceTree = "<group>"; };
		DB2D531B1F464366003CB5F4 /* OperationDelegate.swift */ = {isa = PBXFileReference; lastKnownFileType = sourcecode.swift; path = OperationDelegate.swift; sourceTree = "<group>"; };
		DB3AF73B1F4C793E00565D28 /* NSNotification.Name.swift */ = {isa = PBXFileReference; lastKnownFileType = sourcecode.swift; path = NSNotification.Name.swift; sourceTree = "<group>"; };
		DB4834701F44F16400CC308A /* AddNotificationSettingsToContextOperation.swift */ = {isa = PBXFileReference; lastKnownFileType = sourcecode.swift; path = AddNotificationSettingsToContextOperation.swift; sourceTree = "<group>"; };
		DB4834731F44F1CC00CC308A /* UNUserNotificationCenter.swift */ = {isa = PBXFileReference; lastKnownFileType = sourcecode.swift; path = UNUserNotificationCenter.swift; sourceTree = "<group>"; };
		DB4834751F45D2AD00CC308A /* AddLocationSettingsToContextOperation.swift */ = {isa = PBXFileReference; lastKnownFileType = sourcecode.swift; path = AddLocationSettingsToContextOperation.swift; sourceTree = "<group>"; };
		DB4834781F45D32B00CC308A /* CLLocationManager.swift */ = {isa = PBXFileReference; lastKnownFileType = sourcecode.swift; path = CLLocationManager.swift; sourceTree = "<group>"; };
		DB48347B1F46016000CC308A /* Experience.swift */ = {isa = PBXFileReference; lastKnownFileType = sourcecode.swift; path = Experience.swift; sourceTree = "<group>"; };
		DB48347E1F46019700CC308A /* FetchExperienceOperation.swift */ = {isa = PBXFileReference; lastKnownFileType = sourcecode.swift; path = FetchExperienceOperation.swift; sourceTree = "<group>"; };
		DB4834871F46029200CC308A /* CGFloat.swift */ = {isa = PBXFileReference; lastKnownFileType = sourcecode.swift; path = CGFloat.swift; sourceTree = "<group>"; };
		DB4834891F4602B100CC308A /* Color.swift */ = {isa = PBXFileReference; lastKnownFileType = sourcecode.swift; path = Color.swift; sourceTree = "<group>"; };
		DB48348B1F4602CA00CC308A /* Length.swift */ = {isa = PBXFileReference; lastKnownFileType = sourcecode.swift; path = Length.swift; sourceTree = "<group>"; };
		DB48348D1F4602EF00CC308A /* UICollectionReusableView.swift */ = {isa = PBXFileReference; lastKnownFileType = sourcecode.swift; path = UICollectionReusableView.swift; sourceTree = "<group>"; };
		DB48348F1F46030500CC308A /* UIColor.swift */ = {isa = PBXFileReference; lastKnownFileType = sourcecode.swift; path = UIColor.swift; sourceTree = "<group>"; };
		DB4834911F46031800CC308A /* UIStatusBarStyle.swift */ = {isa = PBXFileReference; lastKnownFileType = sourcecode.swift; path = UIStatusBarStyle.swift; sourceTree = "<group>"; };
		DB4834931F46034100CC308A /* ImageConfiguration.swift */ = {isa = PBXFileReference; lastKnownFileType = sourcecode.swift; path = ImageConfiguration.swift; sourceTree = "<group>"; };
		DB4834951F46038D00CC308A /* ImageDownloader.swift */ = {isa = PBXFileReference; lastKnownFileType = sourcecode.swift; path = ImageDownloader.swift; sourceTree = "<group>"; };
		DB4834971F4603BC00CC308A /* ImageDownloadResult.swift */ = {isa = PBXFileReference; lastKnownFileType = sourcecode.swift; path = ImageDownloadResult.swift; sourceTree = "<group>"; };
		DB4834991F4604F700CC308A /* ScreenViewControllerDelegate.swift */ = {isa = PBXFileReference; lastKnownFileType = sourcecode.swift; path = ScreenViewControllerDelegate.swift; sourceTree = "<group>"; };
		DB48349B1F46058700CC308A /* ScreenViewController.swift */ = {isa = PBXFileReference; lastKnownFileType = sourcecode.swift; path = ScreenViewController.swift; sourceTree = "<group>"; };
		DB48349D1F4605D100CC308A /* ExperienceViewController.swift */ = {isa = PBXFileReference; lastKnownFileType = sourcecode.swift; path = ExperienceViewController.swift; sourceTree = "<group>"; };
		DB48349F1F46062B00CC308A /* ScreenViewLayout.swift */ = {isa = PBXFileReference; lastKnownFileType = sourcecode.swift; path = ScreenViewLayout.swift; sourceTree = "<group>"; };
		DB4834A11F4606EB00CC308A /* ScreenViewLayoutAttributes.swift */ = {isa = PBXFileReference; lastKnownFileType = sourcecode.swift; path = ScreenViewLayoutAttributes.swift; sourceTree = "<group>"; };
		DB4834A31F4607EA00CC308A /* BackgroundViewModel.swift */ = {isa = PBXFileReference; lastKnownFileType = sourcecode.swift; path = BackgroundViewModel.swift; sourceTree = "<group>"; };
		DB4834A51F46082200CC308A /* BarcodeBlockViewModel.swift */ = {isa = PBXFileReference; lastKnownFileType = sourcecode.swift; path = BarcodeBlockViewModel.swift; sourceTree = "<group>"; };
		DB4834A71F46085C00CC308A /* BlockViewModel.swift */ = {isa = PBXFileReference; lastKnownFileType = sourcecode.swift; path = BlockViewModel.swift; sourceTree = "<group>"; };
		DB4834A91F46089200CC308A /* BorderViewModel.swift */ = {isa = PBXFileReference; lastKnownFileType = sourcecode.swift; path = BorderViewModel.swift; sourceTree = "<group>"; };
		DB4834AB1F460A1E00CC308A /* BarcodeBlockView.swift */ = {isa = PBXFileReference; lastKnownFileType = sourcecode.swift; path = BarcodeBlockView.swift; sourceTree = "<group>"; };
		DB4834AC1F460A1F00CC308A /* ImageBlockView.swift */ = {isa = PBXFileReference; lastKnownFileType = sourcecode.swift; path = ImageBlockView.swift; sourceTree = "<group>"; };
		DB4834AD1F460A1F00CC308A /* BlockViewDelegate.swift */ = {isa = PBXFileReference; lastKnownFileType = sourcecode.swift; path = BlockViewDelegate.swift; sourceTree = "<group>"; };
		DB4834AE1F460A1F00CC308A /* WebViewBlockView.swift */ = {isa = PBXFileReference; lastKnownFileType = sourcecode.swift; path = WebViewBlockView.swift; sourceTree = "<group>"; };
		DB4834AF1F460A1F00CC308A /* ButtonBlockView.swift */ = {isa = PBXFileReference; lastKnownFileType = sourcecode.swift; path = ButtonBlockView.swift; sourceTree = "<group>"; };
		DB4834B01F460A1F00CC308A /* RowView.swift */ = {isa = PBXFileReference; lastKnownFileType = sourcecode.swift; path = RowView.swift; sourceTree = "<group>"; };
		DB4834B11F460A1F00CC308A /* TextBlockView.swift */ = {isa = PBXFileReference; lastKnownFileType = sourcecode.swift; path = TextBlockView.swift; sourceTree = "<group>"; };
		DB4834B21F460A1F00CC308A /* BackgroundView.swift */ = {isa = PBXFileReference; lastKnownFileType = sourcecode.swift; path = BackgroundView.swift; sourceTree = "<group>"; };
		DB4834B31F460A1F00CC308A /* BlockView.swift */ = {isa = PBXFileReference; lastKnownFileType = sourcecode.swift; path = BlockView.swift; sourceTree = "<group>"; };
		DB4834B41F460A2100CC308A /* RectangleBlockView.swift */ = {isa = PBXFileReference; lastKnownFileType = sourcecode.swift; path = RectangleBlockView.swift; sourceTree = "<group>"; };
		DB4834B51F460ADB00CC308A /* ImageBlockViewModel.swift */ = {isa = PBXFileReference; lastKnownFileType = sourcecode.swift; path = ImageBlockViewModel.swift; sourceTree = "<group>"; };
		DB4834B61F460ADB00CC308A /* WebViewBlockViewModel.swift */ = {isa = PBXFileReference; lastKnownFileType = sourcecode.swift; path = WebViewBlockViewModel.swift; sourceTree = "<group>"; };
		DB4834B71F460ADB00CC308A /* RowViewModel.swift */ = {isa = PBXFileReference; lastKnownFileType = sourcecode.swift; path = RowViewModel.swift; sourceTree = "<group>"; };
		DB4834B81F460ADB00CC308A /* RectangleBlockViewModel.swift */ = {isa = PBXFileReference; lastKnownFileType = sourcecode.swift; path = RectangleBlockViewModel.swift; sourceTree = "<group>"; };
		DB4834B91F460ADB00CC308A /* ScreenViewModel.swift */ = {isa = PBXFileReference; lastKnownFileType = sourcecode.swift; path = ScreenViewModel.swift; sourceTree = "<group>"; };
		DB4834BA1F460ADB00CC308A /* TextViewModel.swift */ = {isa = PBXFileReference; lastKnownFileType = sourcecode.swift; path = TextViewModel.swift; sourceTree = "<group>"; };
		DB4834BB1F460ADB00CC308A /* TextBlockViewModel.swift */ = {isa = PBXFileReference; lastKnownFileType = sourcecode.swift; path = TextBlockViewModel.swift; sourceTree = "<group>"; };
		DB4834BC1F460ADB00CC308A /* ButtonBlockViewModel.swift */ = {isa = PBXFileReference; lastKnownFileType = sourcecode.swift; path = ButtonBlockViewModel.swift; sourceTree = "<group>"; };
		DB4834BD1F460ADC00CC308A /* ExperienceViewModel.swift */ = {isa = PBXFileReference; lastKnownFileType = sourcecode.swift; path = ExperienceViewModel.swift; sourceTree = "<group>"; };
		DB83FFD81F4B93F2006ACB23 /* TrackEnterRegionOperation.swift */ = {isa = PBXFileReference; lastKnownFileType = sourcecode.swift; path = TrackEnterRegionOperation.swift; sourceTree = "<group>"; };
		DB83FFDA1F4B947E006ACB23 /* TrackExitRegionOperation.swift */ = {isa = PBXFileReference; lastKnownFileType = sourcecode.swift; path = TrackExitRegionOperation.swift; sourceTree = "<group>"; };
		DB83FFDC1F4B94DF006ACB23 /* TrackUpdateLocationsOperation.swift */ = {isa = PBXFileReference; lastKnownFileType = sourcecode.swift; path = TrackUpdateLocationsOperation.swift; sourceTree = "<group>"; };
		DB83FFDE1F4B95AB006ACB23 /* TrackVisitOperation.swift */ = {isa = PBXFileReference; lastKnownFileType = sourcecode.swift; path = TrackVisitOperation.swift; sourceTree = "<group>"; };
		DBA6928A1F46275900178B12 /* ExperienceCache.swift */ = {isa = PBXFileReference; lastKnownFileType = sourcecode.swift; path = ExperienceCache.swift; sourceTree = "<group>"; };
		DBA6928C1F462AD400178B12 /* FindExperienceOperation.swift */ = {isa = PBXFileReference; lastKnownFileType = sourcecode.swift; path = FindExperienceOperation.swift; sourceTree = "<group>"; };
		DBBC7DB11F3CBDC100E0E2EE /* Rover.swift */ = {isa = PBXFileReference; lastKnownFileType = sourcecode.swift; path = Rover.swift; sourceTree = "<group>"; };
		DBDE83781F42353D00FABDA6 /* AddAccountTokenToCredentialsOperation.swift */ = {isa = PBXFileReference; lastKnownFileType = sourcecode.swift; path = AddAccountTokenToCredentialsOperation.swift; sourceTree = "<group>"; };
		DBDE837A1F42359300FABDA6 /* AddDeviceIdentifierToCredentialsOperation.swift */ = {isa = PBXFileReference; lastKnownFileType = sourcecode.swift; path = AddDeviceIdentifierToCredentialsOperation.swift; sourceTree = "<group>"; };
		DBDE837C1F4235DD00FABDA6 /* AddProfileIdentifierToCredentialsOperation.swift */ = {isa = PBXFileReference; lastKnownFileType = sourcecode.swift; path = AddProfileIdentifierToCredentialsOperation.swift; sourceTree = "<group>"; };
		DBDE837E1F42368100FABDA6 /* RemoveProfileIdentifierFromCredentialsOperation.swift */ = {isa = PBXFileReference; lastKnownFileType = sourcecode.swift; path = RemoveProfileIdentifierFromCredentialsOperation.swift; sourceTree = "<group>"; };
		DBDE83811F4238B700FABDA6 /* AnonymizeOperation.swift */ = {isa = PBXFileReference; lastKnownFileType = sourcecode.swift; path = AnonymizeOperation.swift; sourceTree = "<group>"; };
		DBDE83831F4239B100FABDA6 /* IdentifyOperation.swift */ = {isa = PBXFileReference; lastKnownFileType = sourcecode.swift; path = IdentifyOperation.swift; sourceTree = "<group>"; };
		DBDE83851F4239ED00FABDA6 /* RestoreProfileIdentifierFromUserDefaultsOperation.swift */ = {isa = PBXFileReference; lastKnownFileType = sourcecode.swift; path = RestoreProfileIdentifierFromUserDefaultsOperation.swift; sourceTree = "<group>"; };
		DBDE83881F423A5600FABDA6 /* Profile.swift */ = {isa = PBXFileReference; lastKnownFileType = sourcecode.swift; path = Profile.swift; sourceTree = "<group>"; };
		DBDE838A1F423A8300FABDA6 /* UpdateProfileOperation.swift */ = {isa = PBXFileReference; lastKnownFileType = sourcecode.swift; path = UpdateProfileOperation.swift; sourceTree = "<group>"; };
		DBDFE30F1F424E92005E7850 /* SyncOperation.swift */ = {isa = PBXFileReference; lastKnownFileType = sourcecode.swift; path = SyncOperation.swift; sourceTree = "<group>"; };
		DBDFE3131F44A7E4005E7850 /* AddPushEnvironmentToContextOperation.swift */ = {isa = PBXFileReference; lastKnownFileType = sourcecode.swift; path = AddPushEnvironmentToContextOperation.swift; sourceTree = "<group>"; };
		DBDFE3151F44ADA2005E7850 /* AddPushTokenOperation.swift */ = {isa = PBXFileReference; lastKnownFileType = sourcecode.swift; path = AddPushTokenOperation.swift; sourceTree = "<group>"; };
		DBDFE3171F44AE36005E7850 /* TrackPushTokenChangeOperation.swift */ = {isa = PBXFileReference; lastKnownFileType = sourcecode.swift; path = TrackPushTokenChangeOperation.swift; sourceTree = "<group>"; };
		DBDFE3191F44AEAF005E7850 /* RemovePushTokenOperation.swift */ = {isa = PBXFileReference; lastKnownFileType = sourcecode.swift; path = RemovePushTokenOperation.swift; sourceTree = "<group>"; };
		DBE1FBE71F3E4A9A004B3C9D /* NotificationCenter.swift */ = {isa = PBXFileReference; lastKnownFileType = sourcecode.swift; path = NotificationCenter.swift; sourceTree = "<group>"; };
		DBE1FBEB1F3E4AC6004B3C9D /* UIApplication.swift */ = {isa = PBXFileReference; lastKnownFileType = sourcecode.swift; path = UIApplication.swift; sourceTree = "<group>"; };
		DBE1FBEE1F3E4C9C004B3C9D /* Logger.swift */ = {isa = PBXFileReference; lastKnownFileType = sourcecode.swift; path = Logger.swift; sourceTree = "<group>"; };
		DBE1FBF01F3E4DAD004B3C9D /* Operation.swift */ = {isa = PBXFileReference; lastKnownFileType = sourcecode.swift; path = Operation.swift; sourceTree = "<group>"; };
		DBE1FBF21F3E4DFE004B3C9D /* ApplicationState.swift */ = {isa = PBXFileReference; lastKnownFileType = sourcecode.swift; path = ApplicationState.swift; sourceTree = "<group>"; };
		DBE1FBFE1F41FD2E004B3C9D /* Attributes.swift */ = {isa = PBXFileReference; lastKnownFileType = sourcecode.swift; path = Attributes.swift; sourceTree = "<group>"; };
		DBE1FC001F420E37004B3C9D /* UIDevice.swift */ = {isa = PBXFileReference; lastKnownFileType = sourcecode.swift; path = UIDevice.swift; sourceTree = "<group>"; };
		DBE1FC021F420E50004B3C9D /* UIScreen.swift */ = {isa = PBXFileReference; lastKnownFileType = sourcecode.swift; path = UIScreen.swift; sourceTree = "<group>"; };
		DBE1FC041F420E89004B3C9D /* Bundle.swift */ = {isa = PBXFileReference; lastKnownFileType = sourcecode.swift; path = Bundle.swift; sourceTree = "<group>"; };
		DBE1FC061F420EA3004B3C9D /* Locale.swift */ = {isa = PBXFileReference; lastKnownFileType = sourcecode.swift; path = Locale.swift; sourceTree = "<group>"; };
		DBE1FC081F420EB5004B3C9D /* NSTimeZone.swift */ = {isa = PBXFileReference; lastKnownFileType = sourcecode.swift; path = NSTimeZone.swift; sourceTree = "<group>"; };
		DBE1FC0A1F420EC5004B3C9D /* UserDefaults.swift */ = {isa = PBXFileReference; lastKnownFileType = sourcecode.swift; path = UserDefaults.swift; sourceTree = "<group>"; };
		DBE1FC0D1F420F58004B3C9D /* CTCarrier.swift */ = {isa = PBXFileReference; lastKnownFileType = sourcecode.swift; path = CTCarrier.swift; sourceTree = "<group>"; };
		DBE1FC0F1F420F6B004B3C9D /* CTTelephonyNetworkInfo.swift */ = {isa = PBXFileReference; lastKnownFileType = sourcecode.swift; path = CTTelephonyNetworkInfo.swift; sourceTree = "<group>"; };
		DBE1FC131F420FEE004B3C9D /* HTTPError.swift */ = {isa = PBXFileReference; lastKnownFileType = sourcecode.swift; path = HTTPError.swift; sourceTree = "<group>"; };
		DBE1FC151F420FFF004B3C9D /* HTTPResult.swift */ = {isa = PBXFileReference; lastKnownFileType = sourcecode.swift; path = HTTPResult.swift; sourceTree = "<group>"; };
		DBE1FC171F421016004B3C9D /* HTTPSession.swift */ = {isa = PBXFileReference; lastKnownFileType = sourcecode.swift; path = HTTPSession.swift; sourceTree = "<group>"; };
		DBE1FC191F421026004B3C9D /* HTTPTask.swift */ = {isa = PBXFileReference; lastKnownFileType = sourcecode.swift; path = HTTPTask.swift; sourceTree = "<group>"; };
		DBE1FC1B1F421065004B3C9D /* HTTPClient.swift */ = {isa = PBXFileReference; lastKnownFileType = sourcecode.swift; path = HTTPClient.swift; sourceTree = "<group>"; };
		DBE1FC1E1F421095004B3C9D /* Data+Gzip.swift */ = {isa = PBXFileReference; lastKnownFileType = sourcecode.swift; path = "Data+Gzip.swift"; sourceTree = "<group>"; };
		DBE1FC201F4210A7004B3C9D /* Reachability.swift */ = {isa = PBXFileReference; lastKnownFileType = sourcecode.swift; path = Reachability.swift; sourceTree = "<group>"; };
		DBE1FC241F421131004B3C9D /* GraphQLClient.swift */ = {isa = PBXFileReference; lastKnownFileType = sourcecode.swift; path = GraphQLClient.swift; sourceTree = "<group>"; };
		DBE1FC261F421144004B3C9D /* GraphQLQuery.swift */ = {isa = PBXFileReference; lastKnownFileType = sourcecode.swift; path = GraphQLQuery.swift; sourceTree = "<group>"; };
		DBE1FC281F421178004B3C9D /* QueryOperation.swift */ = {isa = PBXFileReference; lastKnownFileType = sourcecode.swift; path = QueryOperation.swift; sourceTree = "<group>"; };
		DBE1FC2B1F4211E6004B3C9D /* Credentials.swift */ = {isa = PBXFileReference; lastKnownFileType = sourcecode.swift; path = Credentials.swift; sourceTree = "<group>"; };
		DBE1FC2D1F421217004B3C9D /* ID.swift */ = {isa = PBXFileReference; lastKnownFileType = sourcecode.swift; path = ID.swift; sourceTree = "<group>"; };
		DBE1FC2F1F4212ED004B3C9D /* DataClient.swift */ = {isa = PBXFileReference; lastKnownFileType = sourcecode.swift; path = DataClient.swift; sourceTree = "<group>"; };
		DBE1FC321F421346004B3C9D /* ConfigureDataClientOperation.swift */ = {isa = PBXFileReference; lastKnownFileType = sourcecode.swift; path = ConfigureDataClientOperation.swift; sourceTree = "<group>"; };
		DBF8B7981F4244A400359EC2 /* AddApplicationInfoToContextOperation.swift */ = {isa = PBXFileReference; lastKnownFileType = sourcecode.swift; path = AddApplicationInfoToContextOperation.swift; sourceTree = "<group>"; };
		DBF8B79A1F4244EB00359EC2 /* AddDeviceInfoToContextOperation.swift */ = {isa = PBXFileReference; lastKnownFileType = sourcecode.swift; path = AddDeviceInfoToContextOperation.swift; sourceTree = "<group>"; };
		DBF8B79C1F42453500359EC2 /* AddSDKVersionToContextOperation.swift */ = {isa = PBXFileReference; lastKnownFileType = sourcecode.swift; path = AddSDKVersionToContextOperation.swift; sourceTree = "<group>"; };
		DBF8B79E1F42466200359EC2 /* AddLocaleToContextOperation.swift */ = {isa = PBXFileReference; lastKnownFileType = sourcecode.swift; path = AddLocaleToContextOperation.swift; sourceTree = "<group>"; };
		DBF8B7A01F42469300359EC2 /* AddScreenSizeToContextOperation.swift */ = {isa = PBXFileReference; lastKnownFileType = sourcecode.swift; path = AddScreenSizeToContextOperation.swift; sourceTree = "<group>"; };
		DBF8B7A21F4246C900359EC2 /* AddTelephonyInfoToContextOperation.swift */ = {isa = PBXFileReference; lastKnownFileType = sourcecode.swift; path = AddTelephonyInfoToContextOperation.swift; sourceTree = "<group>"; };
		DBF8B7A41F42470100359EC2 /* AddTimeZoneToContextOperation.swift */ = {isa = PBXFileReference; lastKnownFileType = sourcecode.swift; path = AddTimeZoneToContextOperation.swift; sourceTree = "<group>"; };
		DBF8B7A61F42473100359EC2 /* AddReachabilityInfoToContextOperation.swift */ = {isa = PBXFileReference; lastKnownFileType = sourcecode.swift; path = AddReachabilityInfoToContextOperation.swift; sourceTree = "<group>"; };
		DBF8B7A81F42476100359EC2 /* CaptureContextOperation.swift */ = {isa = PBXFileReference; lastKnownFileType = sourcecode.swift; path = CaptureContextOperation.swift; sourceTree = "<group>"; };
		DBF8B7AA1F4247DB00359EC2 /* UpdateContextOperation.swift */ = {isa = PBXFileReference; lastKnownFileType = sourcecode.swift; path = UpdateContextOperation.swift; sourceTree = "<group>"; };
		DBF8B7AD1F4248C000359EC2 /* AddEventOperation.swift */ = {isa = PBXFileReference; lastKnownFileType = sourcecode.swift; path = AddEventOperation.swift; sourceTree = "<group>"; };
		DBF8B7AF1F42492900359EC2 /* ConfigureEventQueueOperation.swift */ = {isa = PBXFileReference; lastKnownFileType = sourcecode.swift; path = ConfigureEventQueueOperation.swift; sourceTree = "<group>"; };
		DBF8B7B11F42495800359EC2 /* FlushEventsOperation.swift */ = {isa = PBXFileReference; lastKnownFileType = sourcecode.swift; path = FlushEventsOperation.swift; sourceTree = "<group>"; };
		DBF8B7B31F42498800359EC2 /* SendEventsOperation.swift */ = {isa = PBXFileReference; lastKnownFileType = sourcecode.swift; path = SendEventsOperation.swift; sourceTree = "<group>"; };
		DBF8B7B51F4249AA00359EC2 /* PersistEventsOperation.swift */ = {isa = PBXFileReference; lastKnownFileType = sourcecode.swift; path = PersistEventsOperation.swift; sourceTree = "<group>"; };
		DBF8B7B71F424A8300359EC2 /* TrackEventOperation.swift */ = {isa = PBXFileReference; lastKnownFileType = sourcecode.swift; path = TrackEventOperation.swift; sourceTree = "<group>"; };
		DBF8B7BA1F424AD500359EC2 /* TrackAppUpdateOperation.swift */ = {isa = PBXFileReference; lastKnownFileType = sourcecode.swift; path = TrackAppUpdateOperation.swift; sourceTree = "<group>"; };
/* End PBXFileReference section */

/* Begin PBXFrameworksBuildPhase section */
		DB2412921F3CB32B0064F353 /* Frameworks */ = {
			isa = PBXFrameworksBuildPhase;
			buildActionMask = 2147483647;
			files = (
			);
			runOnlyForDeploymentPostprocessing = 0;
		};
		DB24129C1F3CB32B0064F353 /* Frameworks */ = {
			isa = PBXFrameworksBuildPhase;
			buildActionMask = 2147483647;
			files = (
				DB2412A01F3CB32B0064F353 /* Rover.framework in Frameworks */,
			);
			runOnlyForDeploymentPostprocessing = 0;
		};
/* End PBXFrameworksBuildPhase section */

/* Begin PBXGroup section */
		DB01C60E1F42430C0047D1D5 /* Events */ = {
			isa = PBXGroup;
			children = (
				DBF8B7971F42449C00359EC2 /* Context Operations */,
				DBF8B7AC1F42482200359EC2 /* Event Queue Operations */,
				DB01C6131F42432E0047D1D5 /* Context.swift */,
				DB01C60F1F42431E0047D1D5 /* Event.swift */,
				DB01C6111F4243280047D1D5 /* EventQueue.swift */,
			);
			path = Events;
			sourceTree = "<group>";
		};
		DB24128C1F3CB32B0064F353 = {
			isa = PBXGroup;
			children = (
				DB2412981F3CB32B0064F353 /* Rover */,
				DB2412A31F3CB32B0064F353 /* RoverTests */,
				DB2412971F3CB32B0064F353 /* Products */,
			);
			sourceTree = "<group>";
		};
		DB2412971F3CB32B0064F353 /* Products */ = {
			isa = PBXGroup;
			children = (
				DB2412961F3CB32B0064F353 /* Rover.framework */,
				DB24129F1F3CB32B0064F353 /* RoverTests.xctest */,
			);
			name = Products;
			sourceTree = "<group>";
		};
		DB2412981F3CB32B0064F353 /* Rover */ = {
			isa = PBXGroup;
			children = (
				DB83FFD61F4B93E2006ACB23 /* Location */,
				DBE1FC111F420FA3004B3C9D /* Data */,
				DB01C60E1F42430C0047D1D5 /* Events */,
				DB48347A1F4600C600CC308A /* Experiences */,
				DBE1FBED1F3E4C91004B3C9D /* Logger */,
				DBDE83801F42389900FABDA6 /* Profile */,
				DBDFE3111F44A6AB005E7850 /* Push */,
				DBDFE30E1F424E7D005E7850 /* Sync */,
				DB4834801F46023900CC308A /* UI */,
				DBE1FBE61F3E4A86004B3C9D /* Protocol Shims */,
				DBE1FC1D1F421082004B3C9D /* Vendor */,
				DBE1FC221F4210D8004B3C9D /* Supporting Files */,
				DBE1FBF21F3E4DFE004B3C9D /* ApplicationState.swift */,
				DBE1FBFE1F41FD2E004B3C9D /* Attributes.swift */,
				DBE1FC2D1F421217004B3C9D /* ID.swift */,
				DBE1FBF01F3E4DAD004B3C9D /* Operation.swift */,
				DB2D531B1F464366003CB5F4 /* OperationDelegate.swift */,
				DBBC7DB11F3CBDC100E0E2EE /* Rover.swift */,
				DB3AF73B1F4C793E00565D28 /* NSNotification.Name.swift */,
			);
			path = Rover;
			sourceTree = "<group>";
		};
		DB2412A31F3CB32B0064F353 /* RoverTests */ = {
			isa = PBXGroup;
			children = (
				DB2412A41F3CB32B0064F353 /* RoverTests.swift */,
				DB2412A61F3CB32B0064F353 /* Info.plist */,
			);
			path = RoverTests;
			sourceTree = "<group>";
		};
		DB4834721F44F1BE00CC308A /* UserNotifications */ = {
			isa = PBXGroup;
			children = (
				DB4834731F44F1CC00CC308A /* UNUserNotificationCenter.swift */,
			);
			path = UserNotifications;
			sourceTree = "<group>";
		};
		DB4834771F45D31300CC308A /* CoreLocation */ = {
			isa = PBXGroup;
			children = (
				DB4834781F45D32B00CC308A /* CLLocationManager.swift */,
			);
			path = CoreLocation;
			sourceTree = "<group>";
		};
		DB48347A1F4600C600CC308A /* Experiences */ = {
			isa = PBXGroup;
			children = (
				DB48347D1F46018C00CC308A /* Operations */,
				DB48347B1F46016000CC308A /* Experience.swift */,
				DBA6928A1F46275900178B12 /* ExperienceCache.swift */,
			);
			path = Experiences;
			sourceTree = "<group>";
		};
		DB48347D1F46018C00CC308A /* Operations */ = {
			isa = PBXGroup;
			children = (
				DB48347E1F46019700CC308A /* FetchExperienceOperation.swift */,
				DBA6928C1F462AD400178B12 /* FindExperienceOperation.swift */,
			);
			path = Operations;
			sourceTree = "<group>";
		};
		DB4834801F46023900CC308A /* UI */ = {
			isa = PBXGroup;
			children = (
				DB4834811F46024B00CC308A /* Extensions */,
				DB4834821F46025600CC308A /* Image Downloader */,
				DB4834831F46025C00CC308A /* View Controllers */,
				DB4834841F46026100CC308A /* View Layouts */,
				DB4834851F46026A00CC308A /* View Models */,
				DB4834861F46027300CC308A /* Views */,
			);
			path = UI;
			sourceTree = "<group>";
		};
		DB4834811F46024B00CC308A /* Extensions */ = {
			isa = PBXGroup;
			children = (
				DB4834871F46029200CC308A /* CGFloat.swift */,
				DB4834891F4602B100CC308A /* Color.swift */,
				DB48348B1F4602CA00CC308A /* Length.swift */,
				DB48348D1F4602EF00CC308A /* UICollectionReusableView.swift */,
				DB48348F1F46030500CC308A /* UIColor.swift */,
				DB4834911F46031800CC308A /* UIStatusBarStyle.swift */,
			);
			path = Extensions;
			sourceTree = "<group>";
		};
		DB4834821F46025600CC308A /* Image Downloader */ = {
			isa = PBXGroup;
			children = (
				DB4834931F46034100CC308A /* ImageConfiguration.swift */,
				DB4834951F46038D00CC308A /* ImageDownloader.swift */,
				DB4834971F4603BC00CC308A /* ImageDownloadResult.swift */,
			);
			path = "Image Downloader";
			sourceTree = "<group>";
		};
		DB4834831F46025C00CC308A /* View Controllers */ = {
			isa = PBXGroup;
			children = (
				DB48349B1F46058700CC308A /* ScreenViewController.swift */,
				DB4834991F4604F700CC308A /* ScreenViewControllerDelegate.swift */,
				DB48349D1F4605D100CC308A /* ExperienceViewController.swift */,
			);
			path = "View Controllers";
			sourceTree = "<group>";
		};
		DB4834841F46026100CC308A /* View Layouts */ = {
			isa = PBXGroup;
			children = (
				DB48349F1F46062B00CC308A /* ScreenViewLayout.swift */,
				DB4834A11F4606EB00CC308A /* ScreenViewLayoutAttributes.swift */,
			);
			path = "View Layouts";
			sourceTree = "<group>";
		};
		DB4834851F46026A00CC308A /* View Models */ = {
			isa = PBXGroup;
			children = (
				DB4834A31F4607EA00CC308A /* BackgroundViewModel.swift */,
				DB4834A51F46082200CC308A /* BarcodeBlockViewModel.swift */,
				DB4834A71F46085C00CC308A /* BlockViewModel.swift */,
				DB4834A91F46089200CC308A /* BorderViewModel.swift */,
				DB4834BC1F460ADB00CC308A /* ButtonBlockViewModel.swift */,
				DB4834BD1F460ADC00CC308A /* ExperienceViewModel.swift */,
				DB4834B51F460ADB00CC308A /* ImageBlockViewModel.swift */,
				DB4834B81F460ADB00CC308A /* RectangleBlockViewModel.swift */,
				DB4834B71F460ADB00CC308A /* RowViewModel.swift */,
				DB4834B91F460ADB00CC308A /* ScreenViewModel.swift */,
				DB4834BB1F460ADB00CC308A /* TextBlockViewModel.swift */,
				DB4834BA1F460ADB00CC308A /* TextViewModel.swift */,
				DB4834B61F460ADB00CC308A /* WebViewBlockViewModel.swift */,
			);
			path = "View Models";
			sourceTree = "<group>";
		};
		DB4834861F46027300CC308A /* Views */ = {
			isa = PBXGroup;
			children = (
				DB4834B21F460A1F00CC308A /* BackgroundView.swift */,
				DB4834AB1F460A1E00CC308A /* BarcodeBlockView.swift */,
				DB4834B31F460A1F00CC308A /* BlockView.swift */,
				DB4834AD1F460A1F00CC308A /* BlockViewDelegate.swift */,
				DB4834AF1F460A1F00CC308A /* ButtonBlockView.swift */,
				DB4834AC1F460A1F00CC308A /* ImageBlockView.swift */,
				DB4834B41F460A2100CC308A /* RectangleBlockView.swift */,
				DB4834B01F460A1F00CC308A /* RowView.swift */,
				DB4834B11F460A1F00CC308A /* TextBlockView.swift */,
				DB4834AE1F460A1F00CC308A /* WebViewBlockView.swift */,
			);
			path = Views;
			sourceTree = "<group>";
		};
		DB83FFD61F4B93E2006ACB23 /* Location */ = {
			isa = PBXGroup;
			children = (
				DB83FFD71F4B93E8006ACB23 /* Operations */,
			);
			path = Location;
			sourceTree = "<group>";
		};
		DB83FFD71F4B93E8006ACB23 /* Operations */ = {
			isa = PBXGroup;
			children = (
				DB83FFD81F4B93F2006ACB23 /* TrackEnterRegionOperation.swift */,
				DB83FFDA1F4B947E006ACB23 /* TrackExitRegionOperation.swift */,
				DB83FFDC1F4B94DF006ACB23 /* TrackUpdateLocationsOperation.swift */,
				DB83FFDE1F4B95AB006ACB23 /* TrackVisitOperation.swift */,
			);
			path = Operations;
			sourceTree = "<group>";
		};
		DB83FFE21F4B9A9E006ACB23 /* Operations */ = {
			isa = PBXGroup;
			children = (
				DBDFE30F1F424E92005E7850 /* SyncOperation.swift */,
			);
			path = Operations;
			sourceTree = "<group>";
		};
		DBDE83801F42389900FABDA6 /* Profile */ = {
			isa = PBXGroup;
			children = (
				DBDE83871F423A2900FABDA6 /* Operations */,
				DBDE83881F423A5600FABDA6 /* Profile.swift */,
			);
			path = Profile;
			sourceTree = "<group>";
		};
		DBDE83871F423A2900FABDA6 /* Operations */ = {
			isa = PBXGroup;
			children = (
				DBDE837C1F4235DD00FABDA6 /* AddProfileIdentifierToCredentialsOperation.swift */,
				DBDE83811F4238B700FABDA6 /* AnonymizeOperation.swift */,
				DBDE83831F4239B100FABDA6 /* IdentifyOperation.swift */,
				DBDE837E1F42368100FABDA6 /* RemoveProfileIdentifierFromCredentialsOperation.swift */,
				DBDE83851F4239ED00FABDA6 /* RestoreProfileIdentifierFromUserDefaultsOperation.swift */,
				DBDE838A1F423A8300FABDA6 /* UpdateProfileOperation.swift */,
			);
			path = Operations;
			sourceTree = "<group>";
		};
		DBDFE30E1F424E7D005E7850 /* Sync */ = {
			isa = PBXGroup;
			children = (
				DB83FFE21F4B9A9E006ACB23 /* Operations */,
			);
			path = Sync;
			sourceTree = "<group>";
		};
		DBDFE3111F44A6AB005E7850 /* Push */ = {
			isa = PBXGroup;
			children = (
				DBDFE3121F44A7D6005E7850 /* Operations */,
			);
			path = Push;
			sourceTree = "<group>";
		};
		DBDFE3121F44A7D6005E7850 /* Operations */ = {
			isa = PBXGroup;
			children = (
				DBDFE3131F44A7E4005E7850 /* AddPushEnvironmentToContextOperation.swift */,
				DBDFE3151F44ADA2005E7850 /* AddPushTokenOperation.swift */,
				DBDFE3191F44AEAF005E7850 /* RemovePushTokenOperation.swift */,
				DBDFE3171F44AE36005E7850 /* TrackPushTokenChangeOperation.swift */,
			);
			path = Operations;
			sourceTree = "<group>";
		};
		DBE1FBE61F3E4A86004B3C9D /* Protocol Shims */ = {
			isa = PBXGroup;
			children = (
				DB4834771F45D31300CC308A /* CoreLocation */,
				DBE1FC0C1F420ED0004B3C9D /* CoreTelephony */,
				DBE1FBE91F3E4AA3004B3C9D /* Foundation */,
				DBE1FBEA1F3E4ABC004B3C9D /* UIKit */,
				DB4834721F44F1BE00CC308A /* UserNotifications */,
			);
			path = "Protocol Shims";
			sourceTree = "<group>";
		};
		DBE1FBE91F3E4AA3004B3C9D /* Foundation */ = {
			isa = PBXGroup;
			children = (
				DBE1FC041F420E89004B3C9D /* Bundle.swift */,
				DBE1FC061F420EA3004B3C9D /* Locale.swift */,
				DBE1FBE71F3E4A9A004B3C9D /* NotificationCenter.swift */,
				DBE1FC081F420EB5004B3C9D /* NSTimeZone.swift */,
				DBE1FC0A1F420EC5004B3C9D /* UserDefaults.swift */,
			);
			path = Foundation;
			sourceTree = "<group>";
		};
		DBE1FBEA1F3E4ABC004B3C9D /* UIKit */ = {
			isa = PBXGroup;
			children = (
				DBE1FBEB1F3E4AC6004B3C9D /* UIApplication.swift */,
				DBE1FC001F420E37004B3C9D /* UIDevice.swift */,
				DBE1FC021F420E50004B3C9D /* UIScreen.swift */,
			);
			path = UIKit;
			sourceTree = "<group>";
		};
		DBE1FBED1F3E4C91004B3C9D /* Logger */ = {
			isa = PBXGroup;
			children = (
				DBE1FBEE1F3E4C9C004B3C9D /* Logger.swift */,
				DB2D53191F4634BE003CB5F4 /* LogLevel.swift */,
			);
			path = Logger;
			sourceTree = "<group>";
		};
		DBE1FC0C1F420ED0004B3C9D /* CoreTelephony */ = {
			isa = PBXGroup;
			children = (
				DBE1FC0D1F420F58004B3C9D /* CTCarrier.swift */,
				DBE1FC0F1F420F6B004B3C9D /* CTTelephonyNetworkInfo.swift */,
			);
			path = CoreTelephony;
			sourceTree = "<group>";
		};
		DBE1FC111F420FA3004B3C9D /* Data */ = {
			isa = PBXGroup;
			children = (
				DBE1FC231F421118004B3C9D /* GraphQL */,
				DBE1FC121F420FB2004B3C9D /* HTTP */,
				DBE1FC311F421329004B3C9D /* Operations */,
				DBE1FC2B1F4211E6004B3C9D /* Credentials.swift */,
				DBE1FC2F1F4212ED004B3C9D /* DataClient.swift */,
			);
			path = Data;
			sourceTree = "<group>";
		};
		DBE1FC121F420FB2004B3C9D /* HTTP */ = {
			isa = PBXGroup;
			children = (
				DBE1FC1B1F421065004B3C9D /* HTTPClient.swift */,
				DBE1FC131F420FEE004B3C9D /* HTTPError.swift */,
				DBE1FC151F420FFF004B3C9D /* HTTPResult.swift */,
				DBE1FC171F421016004B3C9D /* HTTPSession.swift */,
				DBE1FC191F421026004B3C9D /* HTTPTask.swift */,
			);
			path = HTTP;
			sourceTree = "<group>";
		};
		DBE1FC1D1F421082004B3C9D /* Vendor */ = {
			isa = PBXGroup;
			children = (
				DBE1FC1E1F421095004B3C9D /* Data+Gzip.swift */,
				DBE1FC201F4210A7004B3C9D /* Reachability.swift */,
			);
			path = Vendor;
			sourceTree = "<group>";
		};
		DBE1FC221F4210D8004B3C9D /* Supporting Files */ = {
			isa = PBXGroup;
			children = (
				DB2412991F3CB32B0064F353 /* Rover.h */,
				DB24129A1F3CB32B0064F353 /* Info.plist */,
			);
			path = "Supporting Files";
			sourceTree = "<group>";
		};
		DBE1FC231F421118004B3C9D /* GraphQL */ = {
			isa = PBXGroup;
			children = (
				DBE1FC241F421131004B3C9D /* GraphQLClient.swift */,
				DBE1FC261F421144004B3C9D /* GraphQLQuery.swift */,
			);
			path = GraphQL;
			sourceTree = "<group>";
		};
		DBE1FC311F421329004B3C9D /* Operations */ = {
			isa = PBXGroup;
			children = (
				DBDE83781F42353D00FABDA6 /* AddAccountTokenToCredentialsOperation.swift */,
				DBDE837A1F42359300FABDA6 /* AddDeviceIdentifierToCredentialsOperation.swift */,
				DBE1FC321F421346004B3C9D /* ConfigureDataClientOperation.swift */,
				DBE1FC281F421178004B3C9D /* QueryOperation.swift */,
			);
			path = Operations;
			sourceTree = "<group>";
		};
		DBF8B7971F42449C00359EC2 /* Context Operations */ = {
			isa = PBXGroup;
			children = (
				DBF8B7981F4244A400359EC2 /* AddApplicationInfoToContextOperation.swift */,
				DBF8B79A1F4244EB00359EC2 /* AddDeviceInfoToContextOperation.swift */,
				DBF8B79E1F42466200359EC2 /* AddLocaleToContextOperation.swift */,
				DB4834751F45D2AD00CC308A /* AddLocationSettingsToContextOperation.swift */,
				DB4834701F44F16400CC308A /* AddNotificationSettingsToContextOperation.swift */,
				DBF8B7A01F42469300359EC2 /* AddScreenSizeToContextOperation.swift */,
				DBF8B79C1F42453500359EC2 /* AddSDKVersionToContextOperation.swift */,
				DBF8B7A21F4246C900359EC2 /* AddTelephonyInfoToContextOperation.swift */,
				DBF8B7A41F42470100359EC2 /* AddTimeZoneToContextOperation.swift */,
				DBF8B7A61F42473100359EC2 /* AddReachabilityInfoToContextOperation.swift */,
				DBF8B7A81F42476100359EC2 /* CaptureContextOperation.swift */,
				DBF8B7AA1F4247DB00359EC2 /* UpdateContextOperation.swift */,
			);
			path = "Context Operations";
			sourceTree = "<group>";
		};
		DBF8B7AC1F42482200359EC2 /* Event Queue Operations */ = {
			isa = PBXGroup;
			children = (
				DBF8B7AD1F4248C000359EC2 /* AddEventOperation.swift */,
				DBF8B7AF1F42492900359EC2 /* ConfigureEventQueueOperation.swift */,
				DBF8B7B11F42495800359EC2 /* FlushEventsOperation.swift */,
				DBF8B7B31F42498800359EC2 /* SendEventsOperation.swift */,
				DBF8B7B51F4249AA00359EC2 /* PersistEventsOperation.swift */,
				DBF8B7B71F424A8300359EC2 /* TrackEventOperation.swift */,
				DBF8B7BA1F424AD500359EC2 /* TrackAppUpdateOperation.swift */,
			);
			path = "Event Queue Operations";
			sourceTree = "<group>";
		};
/* End PBXGroup section */

/* Begin PBXHeadersBuildPhase section */
		DB2412931F3CB32B0064F353 /* Headers */ = {
			isa = PBXHeadersBuildPhase;
			buildActionMask = 2147483647;
			files = (
				DB2412A71F3CB32B0064F353 /* Rover.h in Headers */,
			);
			runOnlyForDeploymentPostprocessing = 0;
		};
/* End PBXHeadersBuildPhase section */

/* Begin PBXNativeTarget section */
		DB2412951F3CB32B0064F353 /* Rover */ = {
			isa = PBXNativeTarget;
			buildConfigurationList = DB2412AA1F3CB32B0064F353 /* Build configuration list for PBXNativeTarget "Rover" */;
			buildPhases = (
				DB2412911F3CB32B0064F353 /* Sources */,
				DB2412921F3CB32B0064F353 /* Frameworks */,
				DB2412931F3CB32B0064F353 /* Headers */,
				DB2412941F3CB32B0064F353 /* Resources */,
			);
			buildRules = (
			);
			dependencies = (
			);
			name = Rover;
			productName = Rover;
			productReference = DB2412961F3CB32B0064F353 /* Rover.framework */;
			productType = "com.apple.product-type.framework";
		};
		DB24129E1F3CB32B0064F353 /* RoverTests */ = {
			isa = PBXNativeTarget;
			buildConfigurationList = DB2412AD1F3CB32B0064F353 /* Build configuration list for PBXNativeTarget "RoverTests" */;
			buildPhases = (
				DB24129B1F3CB32B0064F353 /* Sources */,
				DB24129C1F3CB32B0064F353 /* Frameworks */,
				DB24129D1F3CB32B0064F353 /* Resources */,
			);
			buildRules = (
			);
			dependencies = (
				DB2412A21F3CB32B0064F353 /* PBXTargetDependency */,
			);
			name = RoverTests;
			productName = RoverTests;
			productReference = DB24129F1F3CB32B0064F353 /* RoverTests.xctest */;
			productType = "com.apple.product-type.bundle.unit-test";
		};
/* End PBXNativeTarget section */

/* Begin PBXProject section */
		DB24128D1F3CB32B0064F353 /* Project object */ = {
			isa = PBXProject;
			attributes = {
				LastSwiftUpdateCheck = 0900;
				LastUpgradeCheck = 0900;
				ORGANIZATIONNAME = "Rover Labs Inc.";
				TargetAttributes = {
					DB2412951F3CB32B0064F353 = {
						CreatedOnToolsVersion = 9.0;
						LastSwiftMigration = 0900;
					};
					DB24129E1F3CB32B0064F353 = {
						CreatedOnToolsVersion = 9.0;
					};
				};
			};
			buildConfigurationList = DB2412901F3CB32B0064F353 /* Build configuration list for PBXProject "Rover" */;
			compatibilityVersion = "Xcode 8.0";
			developmentRegion = en;
			hasScannedForEncodings = 0;
			knownRegions = (
				en,
			);
			mainGroup = DB24128C1F3CB32B0064F353;
			productRefGroup = DB2412971F3CB32B0064F353 /* Products */;
			projectDirPath = "";
			projectRoot = "";
			targets = (
				DB2412951F3CB32B0064F353 /* Rover */,
				DB24129E1F3CB32B0064F353 /* RoverTests */,
			);
		};
/* End PBXProject section */

/* Begin PBXResourcesBuildPhase section */
		DB2412941F3CB32B0064F353 /* Resources */ = {
			isa = PBXResourcesBuildPhase;
			buildActionMask = 2147483647;
			files = (
			);
			runOnlyForDeploymentPostprocessing = 0;
		};
		DB24129D1F3CB32B0064F353 /* Resources */ = {
			isa = PBXResourcesBuildPhase;
			buildActionMask = 2147483647;
			files = (
			);
			runOnlyForDeploymentPostprocessing = 0;
		};
/* End PBXResourcesBuildPhase section */

/* Begin PBXSourcesBuildPhase section */
		DB2412911F3CB32B0064F353 /* Sources */ = {
			isa = PBXSourcesBuildPhase;
			buildActionMask = 2147483647;
			files = (
				DBE1FBEF1F3E4C9C004B3C9D /* Logger.swift in Sources */,
				DB4834D51F46234300CC308A /* BarcodeBlockView.swift in Sources */,
				DBE1FC1C1F421065004B3C9D /* HTTPClient.swift in Sources */,
				DB4834D71F46234300CC308A /* BlockViewDelegate.swift in Sources */,
				DB4834D41F46234300CC308A /* BackgroundView.swift in Sources */,
				DB4834881F46029200CC308A /* CGFloat.swift in Sources */,
				DBDE838B1F423A8300FABDA6 /* UpdateProfileOperation.swift in Sources */,
				DB4834A21F4606EB00CC308A /* ScreenViewLayoutAttributes.swift in Sources */,
				DBE1FC291F421178004B3C9D /* QueryOperation.swift in Sources */,
				DBDE837D1F4235DD00FABDA6 /* AddProfileIdentifierToCredentialsOperation.swift in Sources */,
				DB48348C1F4602CA00CC308A /* Length.swift in Sources */,
				DBDFE3101F424E92005E7850 /* SyncOperation.swift in Sources */,
				DBF8B79F1F42466200359EC2 /* AddLocaleToContextOperation.swift in Sources */,
				DB4834DA1F46234300CC308A /* RectangleBlockView.swift in Sources */,
				DB4834DD1F46234300CC308A /* WebViewBlockView.swift in Sources */,
				DBE1FBF11F3E4DAD004B3C9D /* Operation.swift in Sources */,
				DBF8B7AE1F4248C000359EC2 /* AddEventOperation.swift in Sources */,
				DBF8B7A11F42469300359EC2 /* AddScreenSizeToContextOperation.swift in Sources */,
				DB48347F1F46019700CC308A /* FetchExperienceOperation.swift in Sources */,
				DBDFE3141F44A7E4005E7850 /* AddPushEnvironmentToContextOperation.swift in Sources */,
				DB48348E1F4602EF00CC308A /* UICollectionReusableView.swift in Sources */,
				DBDE83841F4239B100FABDA6 /* IdentifyOperation.swift in Sources */,
				DB4834CF1F46233D00CC308A /* RowViewModel.swift in Sources */,
				DB4834CE1F46233D00CC308A /* RectangleBlockViewModel.swift in Sources */,
				DB4834921F46031800CC308A /* UIStatusBarStyle.swift in Sources */,
				DB48348A1F4602B100CC308A /* Color.swift in Sources */,
				DBE1FC211F4210A7004B3C9D /* Reachability.swift in Sources */,
				DBE1FBEC1F3E4AC6004B3C9D /* UIApplication.swift in Sources */,
				DB4834901F46030500CC308A /* UIColor.swift in Sources */,
				DB4834D21F46233D00CC308A /* TextViewModel.swift in Sources */,
				DBE1FC031F420E50004B3C9D /* UIScreen.swift in Sources */,
				DB48347C1F46016000CC308A /* Experience.swift in Sources */,
				DBF8B7A51F42470100359EC2 /* AddTimeZoneToContextOperation.swift in Sources */,
				DB01C6101F42431E0047D1D5 /* Event.swift in Sources */,
				DBF8B7A91F42476100359EC2 /* CaptureContextOperation.swift in Sources */,
				DBF8B7B21F42495800359EC2 /* FlushEventsOperation.swift in Sources */,
				DB83FFDF1F4B95AB006ACB23 /* TrackVisitOperation.swift in Sources */,
				DB2D531A1F4634BE003CB5F4 /* LogLevel.swift in Sources */,
				DBF8B79D1F42453500359EC2 /* AddSDKVersionToContextOperation.swift in Sources */,
				DB4834791F45D32B00CC308A /* CLLocationManager.swift in Sources */,
				DBE1FC251F421131004B3C9D /* GraphQLClient.swift in Sources */,
				DBF8B7A31F4246C900359EC2 /* AddTelephonyInfoToContextOperation.swift in Sources */,
				DBE1FC331F421346004B3C9D /* ConfigureDataClientOperation.swift in Sources */,
				DB4834D81F46234300CC308A /* ButtonBlockView.swift in Sources */,
				DB48349C1F46058700CC308A /* ScreenViewController.swift in Sources */,
				DBE1FBF31F3E4DFE004B3C9D /* ApplicationState.swift in Sources */,
				DB01C6121F4243280047D1D5 /* EventQueue.swift in Sources */,
				DBDE83861F4239ED00FABDA6 /* RestoreProfileIdentifierFromUserDefaultsOperation.swift in Sources */,
				DB4834CB1F46233D00CC308A /* ButtonBlockViewModel.swift in Sources */,
				DBDFE31A1F44AEAF005E7850 /* RemovePushTokenOperation.swift in Sources */,
				DBDFE3161F44ADA2005E7850 /* AddPushTokenOperation.swift in Sources */,
				DBE1FC071F420EA3004B3C9D /* Locale.swift in Sources */,
				DB01C6141F42432E0047D1D5 /* Context.swift in Sources */,
				DB4834761F45D2AD00CC308A /* AddLocationSettingsToContextOperation.swift in Sources */,
				DBDE83791F42353D00FABDA6 /* AddAccountTokenToCredentialsOperation.swift in Sources */,
				DB4834711F44F16400CC308A /* AddNotificationSettingsToContextOperation.swift in Sources */,
				DBE1FC1F1F421095004B3C9D /* Data+Gzip.swift in Sources */,
				DBF8B7B61F4249AA00359EC2 /* PersistEventsOperation.swift in Sources */,
				DBA6928D1F462AD400178B12 /* FindExperienceOperation.swift in Sources */,
				DB4834C81F46233D00CC308A /* BarcodeBlockViewModel.swift in Sources */,
				DBE1FC161F420FFF004B3C9D /* HTTPResult.swift in Sources */,
				DBE1FC0E1F420F58004B3C9D /* CTCarrier.swift in Sources */,
				DB2D531C1F464366003CB5F4 /* OperationDelegate.swift in Sources */,
				DBDE837F1F42368100FABDA6 /* RemoveProfileIdentifierFromCredentialsOperation.swift in Sources */,
				DBE1FC2E1F421217004B3C9D /* ID.swift in Sources */,
				DB4834D11F46233D00CC308A /* TextBlockViewModel.swift in Sources */,
				DBF8B7B81F424A8300359EC2 /* TrackEventOperation.swift in Sources */,
				DBE1FC301F4212ED004B3C9D /* DataClient.swift in Sources */,
				DBE1FC1A1F421026004B3C9D /* HTTPTask.swift in Sources */,
				DB4834941F46034100CC308A /* ImageConfiguration.swift in Sources */,
				DB4834DB1F46234300CC308A /* RowView.swift in Sources */,
				DBE1FC011F420E37004B3C9D /* UIDevice.swift in Sources */,
				DB4834961F46038D00CC308A /* ImageDownloader.swift in Sources */,
				DB4834DC1F46234300CC308A /* TextBlockView.swift in Sources */,
				DB4834D31F46233D00CC308A /* WebViewBlockViewModel.swift in Sources */,
				DB48349A1F4604F700CC308A /* ScreenViewControllerDelegate.swift in Sources */,
				DBBC7DB21F3CBDC100E0E2EE /* Rover.swift in Sources */,
				DBE1FBE81F3E4A9A004B3C9D /* NotificationCenter.swift in Sources */,
				DB3AF73C1F4C793E00565D28 /* NSNotification.Name.swift in Sources */,
				DB83FFDD1F4B94DF006ACB23 /* TrackUpdateLocationsOperation.swift in Sources */,
				DBE1FC271F421144004B3C9D /* GraphQLQuery.swift in Sources */,
				DB4834CA1F46233D00CC308A /* BorderViewModel.swift in Sources */,
				DBE1FBFF1F41FD2E004B3C9D /* Attributes.swift in Sources */,
				DBA6928B1F46275900178B12 /* ExperienceCache.swift in Sources */,
				DB83FFDB1F4B947E006ACB23 /* TrackExitRegionOperation.swift in Sources */,
				DBDE83891F423A5600FABDA6 /* Profile.swift in Sources */,
				DBE1FC0B1F420EC5004B3C9D /* UserDefaults.swift in Sources */,
				DB4834A01F46062B00CC308A /* ScreenViewLayout.swift in Sources */,
				DB4834CC1F46233D00CC308A /* ExperienceViewModel.swift in Sources */,
				DBDE837B1F42359300FABDA6 /* AddDeviceIdentifierToCredentialsOperation.swift in Sources */,
				DBE1FC2C1F4211E6004B3C9D /* Credentials.swift in Sources */,
				DBE1FC141F420FEE004B3C9D /* HTTPError.swift in Sources */,
				DBF8B7B41F42498800359EC2 /* SendEventsOperation.swift in Sources */,
				DBE1FC101F420F6B004B3C9D /* CTTelephonyNetworkInfo.swift in Sources */,
				DBE1FC051F420E89004B3C9D /* Bundle.swift in Sources */,
				DB4834741F44F1CC00CC308A /* UNUserNotificationCenter.swift in Sources */,
				DB4834981F4603BC00CC308A /* ImageDownloadResult.swift in Sources */,
				DBF8B7B01F42492900359EC2 /* ConfigureEventQueueOperation.swift in Sources */,
				DB4834D01F46233D00CC308A /* ScreenViewModel.swift in Sources */,
				DB4834D61F46234300CC308A /* BlockView.swift in Sources */,
				DB83FFD91F4B93F2006ACB23 /* TrackEnterRegionOperation.swift in Sources */,
				DB4834D91F46234300CC308A /* ImageBlockView.swift in Sources */,
				DBF8B7AB1F4247DB00359EC2 /* UpdateContextOperation.swift in Sources */,
				DBE1FC181F421016004B3C9D /* HTTPSession.swift in Sources */,
				DBE1FC091F420EB5004B3C9D /* NSTimeZone.swift in Sources */,
				DB48349E1F4605D100CC308A /* ExperienceViewController.swift in Sources */,
				DBF8B7BB1F424AD500359EC2 /* TrackAppUpdateOperation.swift in Sources */,
				DB4834CD1F46233D00CC308A /* ImageBlockViewModel.swift in Sources */,
				DBF8B7991F4244A400359EC2 /* AddApplicationInfoToContextOperation.swift in Sources */,
				DBDE83821F4238B700FABDA6 /* AnonymizeOperation.swift in Sources */,
				DBDFE3181F44AE36005E7850 /* TrackPushTokenChangeOperation.swift in Sources */,
				DBF8B7A71F42473100359EC2 /* AddReachabilityInfoToContextOperation.swift in Sources */,
				DBF8B79B1F4244EB00359EC2 /* AddDeviceInfoToContextOperation.swift in Sources */,
				DB4834C71F46233D00CC308A /* BackgroundViewModel.swift in Sources */,
				DB4834C91F46233D00CC308A /* BlockViewModel.swift in Sources */,
			);
			runOnlyForDeploymentPostprocessing = 0;
		};
		DB24129B1F3CB32B0064F353 /* Sources */ = {
			isa = PBXSourcesBuildPhase;
			buildActionMask = 2147483647;
			files = (
				DB2412A51F3CB32B0064F353 /* RoverTests.swift in Sources */,
			);
			runOnlyForDeploymentPostprocessing = 0;
		};
/* End PBXSourcesBuildPhase section */

/* Begin PBXTargetDependency section */
		DB2412A21F3CB32B0064F353 /* PBXTargetDependency */ = {
			isa = PBXTargetDependency;
			target = DB2412951F3CB32B0064F353 /* Rover */;
			targetProxy = DB2412A11F3CB32B0064F353 /* PBXContainerItemProxy */;
		};
/* End PBXTargetDependency section */

/* Begin XCBuildConfiguration section */
		DB2412A81F3CB32B0064F353 /* Debug */ = {
			isa = XCBuildConfiguration;
			buildSettings = {
				ALWAYS_SEARCH_USER_PATHS = NO;
				CLANG_ANALYZER_NONNULL = YES;
				CLANG_ANALYZER_NUMBER_OBJECT_CONVERSION = YES_AGGRESSIVE;
				CLANG_CXX_LANGUAGE_STANDARD = "gnu++14";
				CLANG_CXX_LIBRARY = "libc++";
				CLANG_ENABLE_MODULES = YES;
				CLANG_ENABLE_OBJC_ARC = YES;
				CLANG_WARN_BLOCK_CAPTURE_AUTORELEASING = YES;
				CLANG_WARN_BOOL_CONVERSION = YES;
				CLANG_WARN_COMMA = YES;
				CLANG_WARN_CONSTANT_CONVERSION = YES;
				CLANG_WARN_DIRECT_OBJC_ISA_USAGE = YES_ERROR;
				CLANG_WARN_DOCUMENTATION_COMMENTS = YES;
				CLANG_WARN_EMPTY_BODY = YES;
				CLANG_WARN_ENUM_CONVERSION = YES;
				CLANG_WARN_INFINITE_RECURSION = YES;
				CLANG_WARN_INT_CONVERSION = YES;
				CLANG_WARN_NON_LITERAL_NULL_CONVERSION = YES;
				CLANG_WARN_OBJC_LITERAL_CONVERSION = YES;
				CLANG_WARN_OBJC_ROOT_CLASS = YES_ERROR;
				CLANG_WARN_RANGE_LOOP_ANALYSIS = YES;
				CLANG_WARN_STRICT_PROTOTYPES = YES;
				CLANG_WARN_SUSPICIOUS_MOVE = YES;
				CLANG_WARN_UNGUARDED_AVAILABILITY = YES_AGGRESSIVE;
				CLANG_WARN_UNREACHABLE_CODE = YES;
				CLANG_WARN__DUPLICATE_METHOD_MATCH = YES;
				CODE_SIGN_IDENTITY = "iPhone Developer";
				COPY_PHASE_STRIP = NO;
				CURRENT_PROJECT_VERSION = 1;
				DEBUG_INFORMATION_FORMAT = dwarf;
				ENABLE_STRICT_OBJC_MSGSEND = YES;
				ENABLE_TESTABILITY = YES;
				GCC_C_LANGUAGE_STANDARD = gnu11;
				GCC_DYNAMIC_NO_PIC = NO;
				GCC_NO_COMMON_BLOCKS = YES;
				GCC_OPTIMIZATION_LEVEL = 0;
				GCC_PREPROCESSOR_DEFINITIONS = (
					"DEBUG=1",
					"$(inherited)",
				);
				GCC_WARN_64_TO_32_BIT_CONVERSION = YES;
				GCC_WARN_ABOUT_RETURN_TYPE = YES_ERROR;
				GCC_WARN_UNDECLARED_SELECTOR = YES;
				GCC_WARN_UNINITIALIZED_AUTOS = YES_AGGRESSIVE;
				GCC_WARN_UNUSED_FUNCTION = YES;
				GCC_WARN_UNUSED_VARIABLE = YES;
				IPHONEOS_DEPLOYMENT_TARGET = 11.0;
				MTL_ENABLE_DEBUG_INFO = YES;
				ONLY_ACTIVE_ARCH = YES;
				SDKROOT = iphoneos;
				SWIFT_ACTIVE_COMPILATION_CONDITIONS = DEBUG;
				SWIFT_OPTIMIZATION_LEVEL = "-Onone";
				VERSIONING_SYSTEM = "apple-generic";
				VERSION_INFO_PREFIX = "";
			};
			name = Debug;
		};
		DB2412A91F3CB32B0064F353 /* Release */ = {
			isa = XCBuildConfiguration;
			buildSettings = {
				ALWAYS_SEARCH_USER_PATHS = NO;
				CLANG_ANALYZER_NONNULL = YES;
				CLANG_ANALYZER_NUMBER_OBJECT_CONVERSION = YES_AGGRESSIVE;
				CLANG_CXX_LANGUAGE_STANDARD = "gnu++14";
				CLANG_CXX_LIBRARY = "libc++";
				CLANG_ENABLE_MODULES = YES;
				CLANG_ENABLE_OBJC_ARC = YES;
				CLANG_WARN_BLOCK_CAPTURE_AUTORELEASING = YES;
				CLANG_WARN_BOOL_CONVERSION = YES;
				CLANG_WARN_COMMA = YES;
				CLANG_WARN_CONSTANT_CONVERSION = YES;
				CLANG_WARN_DIRECT_OBJC_ISA_USAGE = YES_ERROR;
				CLANG_WARN_DOCUMENTATION_COMMENTS = YES;
				CLANG_WARN_EMPTY_BODY = YES;
				CLANG_WARN_ENUM_CONVERSION = YES;
				CLANG_WARN_INFINITE_RECURSION = YES;
				CLANG_WARN_INT_CONVERSION = YES;
				CLANG_WARN_NON_LITERAL_NULL_CONVERSION = YES;
				CLANG_WARN_OBJC_LITERAL_CONVERSION = YES;
				CLANG_WARN_OBJC_ROOT_CLASS = YES_ERROR;
				CLANG_WARN_RANGE_LOOP_ANALYSIS = YES;
				CLANG_WARN_STRICT_PROTOTYPES = YES;
				CLANG_WARN_SUSPICIOUS_MOVE = YES;
				CLANG_WARN_UNGUARDED_AVAILABILITY = YES_AGGRESSIVE;
				CLANG_WARN_UNREACHABLE_CODE = YES;
				CLANG_WARN__DUPLICATE_METHOD_MATCH = YES;
				CODE_SIGN_IDENTITY = "iPhone Developer";
				COPY_PHASE_STRIP = NO;
				CURRENT_PROJECT_VERSION = 1;
				DEBUG_INFORMATION_FORMAT = "dwarf-with-dsym";
				ENABLE_NS_ASSERTIONS = NO;
				ENABLE_STRICT_OBJC_MSGSEND = YES;
				GCC_C_LANGUAGE_STANDARD = gnu11;
				GCC_NO_COMMON_BLOCKS = YES;
				GCC_WARN_64_TO_32_BIT_CONVERSION = YES;
				GCC_WARN_ABOUT_RETURN_TYPE = YES_ERROR;
				GCC_WARN_UNDECLARED_SELECTOR = YES;
				GCC_WARN_UNINITIALIZED_AUTOS = YES_AGGRESSIVE;
				GCC_WARN_UNUSED_FUNCTION = YES;
				GCC_WARN_UNUSED_VARIABLE = YES;
				IPHONEOS_DEPLOYMENT_TARGET = 11.0;
				MTL_ENABLE_DEBUG_INFO = NO;
				SDKROOT = iphoneos;
				SWIFT_OPTIMIZATION_LEVEL = "-Owholemodule";
				VALIDATE_PRODUCT = YES;
				VERSIONING_SYSTEM = "apple-generic";
				VERSION_INFO_PREFIX = "";
			};
			name = Release;
		};
		DB2412AB1F3CB32B0064F353 /* Debug */ = {
			isa = XCBuildConfiguration;
			buildSettings = {
				CLANG_ENABLE_MODULES = YES;
				CODE_SIGN_IDENTITY = "";
				DEFINES_MODULE = YES;
				DEVELOPMENT_TEAM = WDEZX8QD47;
				DYLIB_COMPATIBILITY_VERSION = 1;
				DYLIB_CURRENT_VERSION = 1;
				DYLIB_INSTALL_NAME_BASE = "@rpath";
				INFOPLIST_FILE = "$(SRCROOT)/Rover/Supporting Files/Info.plist";
				INSTALL_PATH = "$(LOCAL_LIBRARY_DIR)/Frameworks";
				IPHONEOS_DEPLOYMENT_TARGET = 10.0;
				LD_RUNPATH_SEARCH_PATHS = "$(inherited) @executable_path/Frameworks @loader_path/Frameworks";
				PRODUCT_BUNDLE_IDENTIFIER = io.rover.Rover;
				PRODUCT_NAME = "$(TARGET_NAME:c99extidentifier)";
				SKIP_INSTALL = YES;
				SWIFT_OPTIMIZATION_LEVEL = "-Onone";
				SWIFT_VERSION = 4.0;
				TARGETED_DEVICE_FAMILY = "1,2";
			};
			name = Debug;
		};
		DB2412AC1F3CB32B0064F353 /* Release */ = {
			isa = XCBuildConfiguration;
			buildSettings = {
				CLANG_ENABLE_MODULES = YES;
				CODE_SIGN_IDENTITY = "";
				DEFINES_MODULE = YES;
				DEVELOPMENT_TEAM = WDEZX8QD47;
				DYLIB_COMPATIBILITY_VERSION = 1;
				DYLIB_CURRENT_VERSION = 1;
				DYLIB_INSTALL_NAME_BASE = "@rpath";
				INFOPLIST_FILE = "$(SRCROOT)/Rover/Supporting Files/Info.plist";
				INSTALL_PATH = "$(LOCAL_LIBRARY_DIR)/Frameworks";
				IPHONEOS_DEPLOYMENT_TARGET = 10.0;
				LD_RUNPATH_SEARCH_PATHS = "$(inherited) @executable_path/Frameworks @loader_path/Frameworks";
				PRODUCT_BUNDLE_IDENTIFIER = io.rover.Rover;
				PRODUCT_NAME = "$(TARGET_NAME:c99extidentifier)";
				SKIP_INSTALL = YES;
				SWIFT_VERSION = 4.0;
				TARGETED_DEVICE_FAMILY = "1,2";
			};
			name = Release;
		};
		DB2412AE1F3CB32B0064F353 /* Debug */ = {
			isa = XCBuildConfiguration;
			buildSettings = {
				ALWAYS_EMBED_SWIFT_STANDARD_LIBRARIES = YES;
				DEVELOPMENT_TEAM = WDEZX8QD47;
				INFOPLIST_FILE = RoverTests/Info.plist;
				LD_RUNPATH_SEARCH_PATHS = "$(inherited) @executable_path/Frameworks @loader_path/Frameworks";
				PRODUCT_BUNDLE_IDENTIFIER = io.rover.RoverTests;
				PRODUCT_NAME = "$(TARGET_NAME)";
				SWIFT_VERSION = 4.0;
				TARGETED_DEVICE_FAMILY = "1,2";
			};
			name = Debug;
		};
		DB2412AF1F3CB32B0064F353 /* Release */ = {
			isa = XCBuildConfiguration;
			buildSettings = {
				ALWAYS_EMBED_SWIFT_STANDARD_LIBRARIES = YES;
				DEVELOPMENT_TEAM = WDEZX8QD47;
				INFOPLIST_FILE = RoverTests/Info.plist;
				LD_RUNPATH_SEARCH_PATHS = "$(inherited) @executable_path/Frameworks @loader_path/Frameworks";
				PRODUCT_BUNDLE_IDENTIFIER = io.rover.RoverTests;
				PRODUCT_NAME = "$(TARGET_NAME)";
				SWIFT_VERSION = 4.0;
				TARGETED_DEVICE_FAMILY = "1,2";
			};
			name = Release;
		};
/* End XCBuildConfiguration section */

/* Begin XCConfigurationList section */
		DB2412901F3CB32B0064F353 /* Build configuration list for PBXProject "Rover" */ = {
			isa = XCConfigurationList;
			buildConfigurations = (
				DB2412A81F3CB32B0064F353 /* Debug */,
				DB2412A91F3CB32B0064F353 /* Release */,
			);
			defaultConfigurationIsVisible = 0;
			defaultConfigurationName = Release;
		};
		DB2412AA1F3CB32B0064F353 /* Build configuration list for PBXNativeTarget "Rover" */ = {
			isa = XCConfigurationList;
			buildConfigurations = (
				DB2412AB1F3CB32B0064F353 /* Debug */,
				DB2412AC1F3CB32B0064F353 /* Release */,
			);
			defaultConfigurationIsVisible = 0;
			defaultConfigurationName = Release;
		};
		DB2412AD1F3CB32B0064F353 /* Build configuration list for PBXNativeTarget "RoverTests" */ = {
			isa = XCConfigurationList;
			buildConfigurations = (
				DB2412AE1F3CB32B0064F353 /* Debug */,
				DB2412AF1F3CB32B0064F353 /* Release */,
			);
			defaultConfigurationIsVisible = 0;
			defaultConfigurationName = Release;
		};
/* End XCConfigurationList section */
	};
	rootObject = DB24128D1F3CB32B0064F353 /* Project object */;
}
